
Microsoft Visual Studio Solution File, Format Version 12.00
# Visual Studio 15
VisualStudioVersion = 15.0.26228.9
MinimumVisualStudioVersion = 10.0.40219.1
Project("{FAE04EC0-301F-11D3-BF4B-00C04F79EFBC}") = "Panagrams", "WebApplication4\Panagrams.csproj", "{13010157-20B7-4B24-B621-C6B9E912B722}"
EndProject
Project("{FAE04EC0-301F-11D3-BF4B-00C04F79EFBC}") = "UnitTestProject1", "UnitTestProject1\UnitTestProject1.csproj", "{43D65913-10FE-4F0F-A42A-CFA7B55AA917}"
EndProject
Global
	GlobalSection(SolutionConfigurationPlatforms) = preSolution
		Debug|Any CPU = Debug|Any CPU
		Release|Any CPU = Release|Any CPU
	EndGlobalSection
	GlobalSection(ProjectConfigurationPlatforms) = postSolution
		{13010157-20B7-4B24-B621-C6B9E912B722}.Debug|Any CPU.ActiveCfg = Debug|Any CPU
		{13010157-20B7-4B24-B621-C6B9E912B722}.Debug|Any CPU.Build.0 = Debug|Any CPU
		{13010157-20B7-4B24-B621-C6B9E912B722}.Release|Any CPU.ActiveCfg = Release|Any CPU
		{13010157-20B7-4B24-B621-C6B9E912B722}.Release|Any CPU.Build.0 = Release|Any CPU
		{43D65913-10FE-4F0F-A42A-CFA7B55AA917}.Debug|Any CPU.ActiveCfg = Debug|Any CPU
		{43D65913-10FE-4F0F-A42A-CFA7B55AA917}.Debug|Any CPU.Build.0 = Debug|Any CPU
		{43D65913-10FE-4F0F-A42A-CFA7B55AA917}.Release|Any CPU.ActiveCfg = Release|Any CPU
		{43D65913-10FE-4F0F-A42A-CFA7B55AA917}.Release|Any CPU.Build.0 = Release|Any CPU
	EndGlobalSection
	GlobalSection(SolutionProperties) = preSolution
		HideSolutionNode = FALSE
	EndGlobalSection
EndGlobal
